
Microsoft Visual Studio Solution File, Format Version 12.00
# Visual Studio Version 17
VisualStudioVersion = 17.2.32630.192
MinimumVisualStudioVersion = 10.0.40219.1
Project("{FAE04EC0-301F-11D3-BF4B-00C04F79EFBC}") = "Lambda Functions", "Lambda Functions\Lambda Functions.csproj", "{1FFC6914-6B1D-4C8F-820E-EF0B2FA3BD12}"
EndProject
Global
	GlobalSection(SolutionConfigurationPlatforms) = preSolution
		Debug|Any CPU = Debug|Any CPU
		Release|Any CPU = Release|Any CPU
	EndGlobalSection
	GlobalSection(ProjectConfigurationPlatforms) = postSolution
		{1FFC6914-6B1D-4C8F-820E-EF0B2FA3BD12}.Debug|Any CPU.ActiveCfg = Debug|Any CPU
		{1FFC6914-6B1D-4C8F-820E-EF0B2FA3BD12}.Debug|Any CPU.Build.0 = Debug|Any CPU
		{1FFC6914-6B1D-4C8F-820E-EF0B2FA3BD12}.Release|Any CPU.ActiveCfg = Release|Any CPU
		{1FFC6914-6B1D-4C8F-820E-EF0B2FA3BD12}.Release|Any CPU.Build.0 = Release|Any CPU
	EndGlobalSection
	GlobalSection(SolutionProperties) = preSolution
		HideSolutionNode = FALSE
	EndGlobalSection
	GlobalSection(ExtensibilityGlobals) = postSolution
		SolutionGuid = {1C52E47C-62C0-4FE2-8FEB-24C446EB0C52}
	EndGlobalSection
EndGlobal
