
Microsoft Visual Studio Solution File, Format Version 12.00
# Visual Studio Version 17
VisualStudioVersion = 17.2.32630.192
MinimumVisualStudioVersion = 10.0.40219.1
Project("{FAE04EC0-301F-11D3-BF4B-00C04F79EFBC}") = "LINQ", "LINQ\LINQ.csproj", "{04EE5E00-208E-4DD1-8DB2-B80DF2FEBC11}"
EndProject
Global
	GlobalSection(SolutionConfigurationPlatforms) = preSolution
		Debug|Any CPU = Debug|Any CPU
		Release|Any CPU = Release|Any CPU
	EndGlobalSection
	GlobalSection(ProjectConfigurationPlatforms) = postSolution
		{04EE5E00-208E-4DD1-8DB2-B80DF2FEBC11}.Debug|Any CPU.ActiveCfg = Debug|Any CPU
		{04EE5E00-208E-4DD1-8DB2-B80DF2FEBC11}.Debug|Any CPU.Build.0 = Debug|Any CPU
		{04EE5E00-208E-4DD1-8DB2-B80DF2FEBC11}.Release|Any CPU.ActiveCfg = Release|Any CPU
		{04EE5E00-208E-4DD1-8DB2-B80DF2FEBC11}.Release|Any CPU.Build.0 = Release|Any CPU
	EndGlobalSection
	GlobalSection(SolutionProperties) = preSolution
		HideSolutionNode = FALSE
	EndGlobalSection
	GlobalSection(ExtensibilityGlobals) = postSolution
		SolutionGuid = {A2D611ED-AFE8-41B4-9394-4436DB4D52B2}
	EndGlobalSection
EndGlobal
